
Microsoft Visual Studio Solution File, Format Version 12.00
# Visual Studio 15
VisualStudioVersion = 15.0.27703.2026
MinimumVisualStudioVersion = 10.0.40219.1
Project("{FAE04EC0-301F-11D3-BF4B-00C04F79EFBC}") = "TeamPowered", "TeamPowered\TeamPowered.csproj", "{DCBB09A7-CCA5-4162-82E0-3BE26821F92B}"
EndProject
Global
	GlobalSection(SolutionConfigurationPlatforms) = preSolution
		Debug|Any CPU = Debug|Any CPU
		Release|Any CPU = Release|Any CPU
	EndGlobalSection
	GlobalSection(ProjectConfigurationPlatforms) = postSolution
		{DCBB09A7-CCA5-4162-82E0-3BE26821F92B}.Debug|Any CPU.ActiveCfg = Debug|Any CPU
		{DCBB09A7-CCA5-4162-82E0-3BE26821F92B}.Debug|Any CPU.Build.0 = Debug|Any CPU
		{DCBB09A7-CCA5-4162-82E0-3BE26821F92B}.Release|Any CPU.ActiveCfg = Release|Any CPU
		{DCBB09A7-CCA5-4162-82E0-3BE26821F92B}.Release|Any CPU.Build.0 = Release|Any CPU
	EndGlobalSection
	GlobalSection(SolutionProperties) = preSolution
		HideSolutionNode = FALSE
	EndGlobalSection
	GlobalSection(ExtensibilityGlobals) = postSolution
		SolutionGuid = {FD29D75B-E1FD-4FCA-9479-00CA35A0B8E1}
	EndGlobalSection
EndGlobal
